// !$*UTF8*$!
{
	archiveVersion = 1;
	classes = {
	};
	objectVersion = 46;
	objects = {

/* Begin PBXBuildFile section */
		6035B71A1912677A00D8BD78 /* Foundation.framework in Frameworks */ = {isa = PBXBuildFile; fileRef = 6035B7191912677A00D8BD78 /* Foundation.framework */; };
		6035B71C1912677A00D8BD78 /* CoreGraphics.framework in Frameworks */ = {isa = PBXBuildFile; fileRef = 6035B71B1912677A00D8BD78 /* CoreGraphics.framework */; };
		6035B71E1912677A00D8BD78 /* UIKit.framework in Frameworks */ = {isa = PBXBuildFile; fileRef = 6035B71D1912677A00D8BD78 /* UIKit.framework */; };
		6035B7241912677A00D8BD78 /* InfoPlist.strings in Resources */ = {isa = PBXBuildFile; fileRef = 6035B7221912677A00D8BD78 /* InfoPlist.strings */; };
		6035B7261912677A00D8BD78 /* main.m in Sources */ = {isa = PBXBuildFile; fileRef = 6035B7251912677A00D8BD78 /* main.m */; };
		6035B72A1912677A00D8BD78 /* GRAppDelegate.m in Sources */ = {isa = PBXBuildFile; fileRef = 6035B7291912677A00D8BD78 /* GRAppDelegate.m */; };
		6035B72D1912677A00D8BD78 /* Main.storyboard in Resources */ = {isa = PBXBuildFile; fileRef = 6035B72B1912677A00D8BD78 /* Main.storyboard */; };
		6035B7301912677A00D8BD78 /* GRViewController.m in Sources */ = {isa = PBXBuildFile; fileRef = 6035B72F1912677A00D8BD78 /* GRViewController.m */; };
		6035B7321912677A00D8BD78 /* Images.xcassets in Resources */ = {isa = PBXBuildFile; fileRef = 6035B7311912677A00D8BD78 /* Images.xcassets */; };
		6035B7391912677A00D8BD78 /* XCTest.framework in Frameworks */ = {isa = PBXBuildFile; fileRef = 6035B7381912677A00D8BD78 /* XCTest.framework */; };
		6035B73A1912677A00D8BD78 /* Foundation.framework in Frameworks */ = {isa = PBXBuildFile; fileRef = 6035B7191912677A00D8BD78 /* Foundation.framework */; };
		6035B73B1912677A00D8BD78 /* UIKit.framework in Frameworks */ = {isa = PBXBuildFile; fileRef = 6035B71D1912677A00D8BD78 /* UIKit.framework */; };
		6035B7431912677A00D8BD78 /* InfoPlist.strings in Resources */ = {isa = PBXBuildFile; fileRef = 6035B7411912677A00D8BD78 /* InfoPlist.strings */; };
		6035B7451912677B00D8BD78 /* _23_GestureTests.m in Sources */ = {isa = PBXBuildFile; fileRef = 6035B7441912677A00D8BD78 /* _23_GestureTests.m */; };
		6035B75F19126CE000D8BD78 /* penguin_1.png in Resources */ = {isa = PBXBuildFile; fileRef = 6035B74F19126CE000D8BD78 /* penguin_1.png */; };
		6035B76019126CE000D8BD78 /* penguin_10.png in Resources */ = {isa = PBXBuildFile; fileRef = 6035B75019126CE000D8BD78 /* penguin_10.png */; };
		6035B76119126CE000D8BD78 /* penguin_11.png in Resources */ = {isa = PBXBuildFile; fileRef = 6035B75119126CE000D8BD78 /* penguin_11.png */; };
		6035B76219126CE000D8BD78 /* penguin_12.png in Resources */ = {isa = PBXBuildFile; fileRef = 6035B75219126CE000D8BD78 /* penguin_12.png */; };
		6035B76319126CE000D8BD78 /* penguin_13.png in Resources */ = {isa = PBXBuildFile; fileRef = 6035B75319126CE000D8BD78 /* penguin_13.png */; };
		6035B76419126CE000D8BD78 /* penguin_14.png in Resources */ = {isa = PBXBuildFile; fileRef = 6035B75419126CE000D8BD78 /* penguin_14.png */; };
		6035B76519126CE000D8BD78 /* penguin_15.png in Resources */ = {isa = PBXBuildFile; fileRef = 6035B75519126CE000D8BD78 /* penguin_15.png */; };
		6035B76619126CE000D8BD78 /* penguin_16.png in Resources */ = {isa = PBXBuildFile; fileRef = 6035B75619126CE000D8BD78 /* penguin_16.png */; };
		6035B76719126CE000D8BD78 /* penguin_2.png in Resources */ = {isa = PBXBuildFile; fileRef = 6035B75719126CE000D8BD78 /* penguin_2.png */; };
		6035B76819126CE000D8BD78 /* penguin_3.png in Resources */ = {isa = PBXBuildFile; fileRef = 6035B75819126CE000D8BD78 /* penguin_3.png */; };
		6035B76919126CE000D8BD78 /* penguin_4.png in Resources */ = {isa = PBXBuildFile; fileRef = 6035B75919126CE000D8BD78 /* penguin_4.png */; };
		6035B76A19126CE000D8BD78 /* penguin_5.png in Resources */ = {isa = PBXBuildFile; fileRef = 6035B75A19126CE000D8BD78 /* penguin_5.png */; };
		6035B76B19126CE000D8BD78 /* penguin_6.png in Resources */ = {isa = PBXBuildFile; fileRef = 6035B75B19126CE000D8BD78 /* penguin_6.png */; };
		6035B76C19126CE000D8BD78 /* penguin_7.png in Resources */ = {isa = PBXBuildFile; fileRef = 6035B75C19126CE000D8BD78 /* penguin_7.png */; };
		6035B76D19126CE000D8BD78 /* penguin_8.png in Resources */ = {isa = PBXBuildFile; fileRef = 6035B75D19126CE000D8BD78 /* penguin_8.png */; };
		6035B76E19126CE000D8BD78 /* penguin_9.png in Resources */ = {isa = PBXBuildFile; fileRef = 6035B75E19126CE000D8BD78 /* penguin_9.png */; };
		6035B7701912A3A600D8BD78 /* background.jpg in Resources */ = {isa = PBXBuildFile; fileRef = 6035B76F1912A3A600D8BD78 /* background.jpg */; };
/* End PBXBuildFile section */

/* Begin PBXContainerItemProxy section */
		6035B73C1912677A00D8BD78 /* PBXContainerItemProxy */ = {
			isa = PBXContainerItemProxy;
			containerPortal = 6035B70E1912677A00D8BD78 /* Project object */;
			proxyType = 1;
			remoteGlobalIDString = 6035B7151912677A00D8BD78;
			remoteInfo = _23_Gesture;
		};
/* End PBXContainerItemProxy section */

/* Begin PBXFileReference section */
		6035B7161912677A00D8BD78 /* _23_Gesture.app */ = {isa = PBXFileReference; explicitFileType = wrapper.application; includeInIndex = 0; path = _23_Gesture.app; sourceTree = BUILT_PRODUCTS_DIR; };
		6035B7191912677A00D8BD78 /* Foundation.framework */ = {isa = PBXFileReference; lastKnownFileType = wrapper.framework; name = Foundation.framework; path = System/Library/Frameworks/Foundation.framework; sourceTree = SDKROOT; };
		6035B71B1912677A00D8BD78 /* CoreGraphics.framework */ = {isa = PBXFileReference; lastKnownFileType = wrapper.framework; name = CoreGraphics.framework; path = System/Library/Frameworks/CoreGraphics.framework; sourceTree = SDKROOT; };
		6035B71D1912677A00D8BD78 /* UIKit.framework */ = {isa = PBXFileReference; lastKnownFileType = wrapper.framework; name = UIKit.framework; path = System/Library/Frameworks/UIKit.framework; sourceTree = SDKROOT; };
		6035B7211912677A00D8BD78 /* _23_Gesture-Info.plist */ = {isa = PBXFileReference; lastKnownFileType = text.plist.xml; path = "_23_Gesture-Info.plist"; sourceTree = "<group>"; };
		6035B7231912677A00D8BD78 /* en */ = {isa = PBXFileReference; lastKnownFileType = text.plist.strings; name = en; path = en.lproj/InfoPlist.strings; sourceTree = "<group>"; };
		6035B7251912677A00D8BD78 /* main.m */ = {isa = PBXFileReference; lastKnownFileType = sourcecode.c.objc; path = main.m; sourceTree = "<group>"; };
		6035B7271912677A00D8BD78 /* _23_Gesture-Prefix.pch */ = {isa = PBXFileReference; lastKnownFileType = sourcecode.c.h; path = "_23_Gesture-Prefix.pch"; sourceTree = "<group>"; };
		6035B7281912677A00D8BD78 /* GRAppDelegate.h */ = {isa = PBXFileReference; lastKnownFileType = sourcecode.c.h; path = GRAppDelegate.h; sourceTree = "<group>"; };
		6035B7291912677A00D8BD78 /* GRAppDelegate.m */ = {isa = PBXFileReference; lastKnownFileType = sourcecode.c.objc; path = GRAppDelegate.m; sourceTree = "<group>"; };
		6035B72C1912677A00D8BD78 /* Base */ = {isa = PBXFileReference; lastKnownFileType = file.storyboard; name = Base; path = Base.lproj/Main.storyboard; sourceTree = "<group>"; };
		6035B72E1912677A00D8BD78 /* GRViewController.h */ = {isa = PBXFileReference; lastKnownFileType = sourcecode.c.h; path = GRViewController.h; sourceTree = "<group>"; };
		6035B72F1912677A00D8BD78 /* GRViewController.m */ = {isa = PBXFileReference; lastKnownFileType = sourcecode.c.objc; path = GRViewController.m; sourceTree = "<group>"; };
		6035B7311912677A00D8BD78 /* Images.xcassets */ = {isa = PBXFileReference; lastKnownFileType = folder.assetcatalog; path = Images.xcassets; sourceTree = "<group>"; };
		6035B7371912677A00D8BD78 /* _23_GestureTests.xctest */ = {isa = PBXFileReference; explicitFileType = wrapper.cfbundle; includeInIndex = 0; path = _23_GestureTests.xctest; sourceTree = BUILT_PRODUCTS_DIR; };
		6035B7381912677A00D8BD78 /* XCTest.framework */ = {isa = PBXFileReference; lastKnownFileType = wrapper.framework; name = XCTest.framework; path = Library/Frameworks/XCTest.framework; sourceTree = DEVELOPER_DIR; };
		6035B7401912677A00D8BD78 /* _23_GestureTests-Info.plist */ = {isa = PBXFileReference; lastKnownFileType = text.plist.xml; path = "_23_GestureTests-Info.plist"; sourceTree = "<group>"; };
		6035B7421912677A00D8BD78 /* en */ = {isa = PBXFileReference; lastKnownFileType = text.plist.strings; name = en; path = en.lproj/InfoPlist.strings; sourceTree = "<group>"; };
		6035B7441912677A00D8BD78 /* _23_GestureTests.m */ = {isa = PBXFileReference; lastKnownFileType = sourcecode.c.objc; path = _23_GestureTests.m; sourceTree = "<group>"; };
		6035B74F19126CE000D8BD78 /* penguin_1.png */ = {isa = PBXFileReference; lastKnownFileType = image.png; path = penguin_1.png; sourceTree = "<group>"; };
		6035B75019126CE000D8BD78 /* penguin_10.png */ = {isa = PBXFileReference; lastKnownFileType = image.png; path = penguin_10.png; sourceTree = "<group>"; };
		6035B75119126CE000D8BD78 /* penguin_11.png */ = {isa = PBXFileReference; lastKnownFileType = image.png; path = penguin_11.png; sourceTree = "<group>"; };
		6035B75219126CE000D8BD78 /* penguin_12.png */ = {isa = PBXFileReference; lastKnownFileType = image.png; path = penguin_12.png; sourceTree = "<group>"; };
		6035B75319126CE000D8BD78 /* penguin_13.png */ = {isa = PBXFileReference; lastKnownFileType = image.png; path = penguin_13.png; sourceTree = "<group>"; };
		6035B75419126CE000D8BD78 /* penguin_14.png */ = {isa = PBXFileReference; lastKnownFileType = image.png; path = penguin_14.png; sourceTree = "<group>"; };
		6035B75519126CE000D8BD78 /* penguin_15.png */ = {isa = PBXFileReference; lastKnownFileType = image.png; path = penguin_15.png; sourceTree = "<group>"; };
		6035B75619126CE000D8BD78 /* penguin_16.png */ = {isa = PBXFileReference; lastKnownFileType = image.png; path = penguin_16.png; sourceTree = "<group>"; };
		6035B75719126CE000D8BD78 /* penguin_2.png */ = {isa = PBXFileReference; lastKnownFileType = image.png; path = penguin_2.png; sourceTree = "<group>"; };
		6035B75819126CE000D8BD78 /* penguin_3.png */ = {isa = PBXFileReference; lastKnownFileType = image.png; path = penguin_3.png; sourceTree = "<group>"; };
		6035B75919126CE000D8BD78 /* penguin_4.png */ = {isa = PBXFileReference; lastKnownFileType = image.png; path = penguin_4.png; sourceTree = "<group>"; };
		6035B75A19126CE000D8BD78 /* penguin_5.png */ = {isa = PBXFileReference; lastKnownFileType = image.png; path = penguin_5.png; sourceTree = "<group>"; };
		6035B75B19126CE000D8BD78 /* penguin_6.png */ = {isa = PBXFileReference; lastKnownFileType = image.png; path = penguin_6.png; sourceTree = "<group>"; };
		6035B75C19126CE000D8BD78 /* penguin_7.png */ = {isa = PBXFileReference; lastKnownFileType = image.png; path = penguin_7.png; sourceTree = "<group>"; };
		6035B75D19126CE000D8BD78 /* penguin_8.png */ = {isa = PBXFileReference; lastKnownFileType = image.png; path = penguin_8.png; sourceTree = "<group>"; };
		6035B75E19126CE000D8BD78 /* penguin_9.png */ = {isa = PBXFileReference; lastKnownFileType = image.png; path = penguin_9.png; sourceTree = "<group>"; };
		6035B76F1912A3A600D8BD78 /* background.jpg */ = {isa = PBXFileReference; lastKnownFileType = image.jpeg; path = background.jpg; sourceTree = "<group>"; };
/* End PBXFileReference section */

/* Begin PBXFrameworksBuildPhase section */
		6035B7131912677A00D8BD78 /* Frameworks */ = {
			isa = PBXFrameworksBuildPhase;
			buildActionMask = 2147483647;
			files = (
				6035B71C1912677A00D8BD78 /* CoreGraphics.framework in Frameworks */,
				6035B71E1912677A00D8BD78 /* UIKit.framework in Frameworks */,
				6035B71A1912677A00D8BD78 /* Foundation.framework in Frameworks */,
			);
			runOnlyForDeploymentPostprocessing = 0;
		};
		6035B7341912677A00D8BD78 /* Frameworks */ = {
			isa = PBXFrameworksBuildPhase;
			buildActionMask = 2147483647;
			files = (
				6035B7391912677A00D8BD78 /* XCTest.framework in Frameworks */,
				6035B73B1912677A00D8BD78 /* UIKit.framework in Frameworks */,
				6035B73A1912677A00D8BD78 /* Foundation.framework in Frameworks */,
			);
			runOnlyForDeploymentPostprocessing = 0;
		};
/* End PBXFrameworksBuildPhase section */

/* Begin PBXGroup section */
		6035B70D1912677A00D8BD78 = {
			isa = PBXGroup;
			children = (
				6035B71F1912677A00D8BD78 /* _23_Gesture */,
				6035B73E1912677A00D8BD78 /* _23_GestureTests */,
				6035B7181912677A00D8BD78 /* Frameworks */,
				6035B7171912677A00D8BD78 /* Products */,
			);
			sourceTree = "<group>";
		};
		6035B7171912677A00D8BD78 /* Products */ = {
			isa = PBXGroup;
			children = (
				6035B7161912677A00D8BD78 /* _23_Gesture.app */,
				6035B7371912677A00D8BD78 /* _23_GestureTests.xctest */,
			);
			name = Products;
			sourceTree = "<group>";
		};
		6035B7181912677A00D8BD78 /* Frameworks */ = {
			isa = PBXGroup;
			children = (
				6035B7191912677A00D8BD78 /* Foundation.framework */,
				6035B71B1912677A00D8BD78 /* CoreGraphics.framework */,
				6035B71D1912677A00D8BD78 /* UIKit.framework */,
				6035B7381912677A00D8BD78 /* XCTest.framework */,
			);
			name = Frameworks;
			sourceTree = "<group>";
		};
		6035B71F1912677A00D8BD78 /* _23_Gesture */ = {
			isa = PBXGroup;
			children = (
				6035B7281912677A00D8BD78 /* GRAppDelegate.h */,
				6035B7291912677A00D8BD78 /* GRAppDelegate.m */,
				6035B72B1912677A00D8BD78 /* Main.storyboard */,
				6035B72E1912677A00D8BD78 /* GRViewController.h */,
				6035B72F1912677A00D8BD78 /* GRViewController.m */,
				6035B7311912677A00D8BD78 /* Images.xcassets */,
				6035B7201912677A00D8BD78 /* Supporting Files */,
			);
			path = _23_Gesture;
			sourceTree = "<group>";
		};
		6035B7201912677A00D8BD78 /* Supporting Files */ = {
			isa = PBXGroup;
			children = (
				6035B76F1912A3A600D8BD78 /* background.jpg */,
				6035B74E19126CE000D8BD78 /* penguin */,
				6035B7211912677A00D8BD78 /* _23_Gesture-Info.plist */,
				6035B7221912677A00D8BD78 /* InfoPlist.strings */,
				6035B7251912677A00D8BD78 /* main.m */,
				6035B7271912677A00D8BD78 /* _23_Gesture-Prefix.pch */,
			);
			name = "Supporting Files";
			sourceTree = "<group>";
		};
		6035B73E1912677A00D8BD78 /* _23_GestureTests */ = {
			isa = PBXGroup;
			children = (
				6035B7441912677A00D8BD78 /* _23_GestureTests.m */,
				6035B73F1912677A00D8BD78 /* Supporting Files */,
			);
			path = _23_GestureTests;
			sourceTree = "<group>";
		};
		6035B73F1912677A00D8BD78 /* Supporting Files */ = {
			isa = PBXGroup;
			children = (
				6035B7401912677A00D8BD78 /* _23_GestureTests-Info.plist */,
				6035B7411912677A00D8BD78 /* InfoPlist.strings */,
			);
			name = "Supporting Files";
			sourceTree = "<group>";
		};
		6035B74E19126CE000D8BD78 /* penguin */ = {
			isa = PBXGroup;
			children = (
				6035B74F19126CE000D8BD78 /* penguin_1.png */,
				6035B75019126CE000D8BD78 /* penguin_10.png */,
				6035B75119126CE000D8BD78 /* penguin_11.png */,
				6035B75219126CE000D8BD78 /* penguin_12.png */,
				6035B75319126CE000D8BD78 /* penguin_13.png */,
				6035B75419126CE000D8BD78 /* penguin_14.png */,
				6035B75519126CE000D8BD78 /* penguin_15.png */,
				6035B75619126CE000D8BD78 /* penguin_16.png */,
				6035B75719126CE000D8BD78 /* penguin_2.png */,
				6035B75819126CE000D8BD78 /* penguin_3.png */,
				6035B75919126CE000D8BD78 /* penguin_4.png */,
				6035B75A19126CE000D8BD78 /* penguin_5.png */,
				6035B75B19126CE000D8BD78 /* penguin_6.png */,
				6035B75C19126CE000D8BD78 /* penguin_7.png */,
				6035B75D19126CE000D8BD78 /* penguin_8.png */,
				6035B75E19126CE000D8BD78 /* penguin_9.png */,
			);
			path = penguin;
			sourceTree = "<group>";
		};
/* End PBXGroup section */

/* Begin PBXNativeTarget section */
		6035B7151912677A00D8BD78 /* _23_Gesture */ = {
			isa = PBXNativeTarget;
			buildConfigurationList = 6035B7481912677B00D8BD78 /* Build configuration list for PBXNativeTarget "_23_Gesture" */;
			buildPhases = (
				6035B7121912677A00D8BD78 /* Sources */,
				6035B7131912677A00D8BD78 /* Frameworks */,
				6035B7141912677A00D8BD78 /* Resources */,
			);
			buildRules = (
			);
			dependencies = (
			);
			name = _23_Gesture;
			productName = _23_Gesture;
			productReference = 6035B7161912677A00D8BD78 /* _23_Gesture.app */;
			productType = "com.apple.product-type.application";
		};
		6035B7361912677A00D8BD78 /* _23_GestureTests */ = {
			isa = PBXNativeTarget;
			buildConfigurationList = 6035B74B1912677B00D8BD78 /* Build configuration list for PBXNativeTarget "_23_GestureTests" */;
			buildPhases = (
				6035B7331912677A00D8BD78 /* Sources */,
				6035B7341912677A00D8BD78 /* Frameworks */,
				6035B7351912677A00D8BD78 /* Resources */,
			);
			buildRules = (
			);
			dependencies = (
				6035B73D1912677A00D8BD78 /* PBXTargetDependency */,
			);
			name = _23_GestureTests;
			productName = _23_GestureTests;
			productReference = 6035B7371912677A00D8BD78 /* _23_GestureTests.xctest */;
			productType = "com.apple.product-type.bundle.unit-test";
		};
/* End PBXNativeTarget section */

/* Begin PBXProject section */
		6035B70E1912677A00D8BD78 /* Project object */ = {
			isa = PBXProject;
			attributes = {
				CLASSPREFIX = GR;
				LastUpgradeCheck = 0510;
				ORGANIZATIONNAME = Evgenia;
				TargetAttributes = {
					6035B7361912677A00D8BD78 = {
						TestTargetID = 6035B7151912677A00D8BD78;
					};
				};
			};
			buildConfigurationList = 6035B7111912677A00D8BD78 /* Build configuration list for PBXProject "_23_Gesture" */;
			compatibilityVersion = "Xcode 3.2";
			developmentRegion = English;
			hasScannedForEncodings = 0;
			knownRegions = (
				en,
				Base,
			);
			mainGroup = 6035B70D1912677A00D8BD78;
			productRefGroup = 6035B7171912677A00D8BD78 /* Products */;
			projectDirPath = "";
			projectRoot = "";
			targets = (
				6035B7151912677A00D8BD78 /* _23_Gesture */,
				6035B7361912677A00D8BD78 /* _23_GestureTests */,
			);
		};
/* End PBXProject section */

/* Begin PBXResourcesBuildPhase section */
		6035B7141912677A00D8BD78 /* Resources */ = {
			isa = PBXResourcesBuildPhase;
			buildActionMask = 2147483647;
			files = (
				6035B7321912677A00D8BD78 /* Images.xcassets in Resources */,
				6035B76C19126CE000D8BD78 /* penguin_7.png in Resources */,
				6035B7241912677A00D8BD78 /* InfoPlist.strings in Resources */,
				6035B76319126CE000D8BD78 /* penguin_13.png in Resources */,
				6035B76719126CE000D8BD78 /* penguin_2.png in Resources */,
				6035B76819126CE000D8BD78 /* penguin_3.png in Resources */,
				6035B76919126CE000D8BD78 /* penguin_4.png in Resources */,
				6035B76119126CE000D8BD78 /* penguin_11.png in Resources */,
				6035B76519126CE000D8BD78 /* penguin_15.png in Resources */,
				6035B76D19126CE000D8BD78 /* penguin_8.png in Resources */,
				6035B75F19126CE000D8BD78 /* penguin_1.png in Resources */,
				6035B76219126CE000D8BD78 /* penguin_12.png in Resources */,
				6035B72D1912677A00D8BD78 /* Main.storyboard in Resources */,
				6035B76B19126CE000D8BD78 /* penguin_6.png in Resources */,
				6035B7701912A3A600D8BD78 /* background.jpg in Resources */,
				6035B76019126CE000D8BD78 /* penguin_10.png in Resources */,
				6035B76A19126CE000D8BD78 /* penguin_5.png in Resources */,
				6035B76619126CE000D8BD78 /* penguin_16.png in Resources */,
				6035B76E19126CE000D8BD78 /* penguin_9.png in Resources */,
				6035B76419126CE000D8BD78 /* penguin_14.png in Resources */,
			);
			runOnlyForDeploymentPostprocessing = 0;
		};
		6035B7351912677A00D8BD78 /* Resources */ = {
			isa = PBXResourcesBuildPhase;
			buildActionMask = 2147483647;
			files = (
				6035B7431912677A00D8BD78 /* InfoPlist.strings in Resources */,
			);
			runOnlyForDeploymentPostprocessing = 0;
		};
/* End PBXResourcesBuildPhase section */

/* Begin PBXSourcesBuildPhase section */
		6035B7121912677A00D8BD78 /* Sources */ = {
			isa = PBXSourcesBuildPhase;
			buildActionMask = 2147483647;
			files = (
				6035B7261912677A00D8BD78 /* main.m in Sources */,
				6035B7301912677A00D8BD78 /* GRViewController.m in Sources */,
				6035B72A1912677A00D8BD78 /* GRAppDelegate.m in Sources */,
			);
			runOnlyForDeploymentPostprocessing = 0;
		};
		6035B7331912677A00D8BD78 /* Sources */ = {
			isa = PBXSourcesBuildPhase;
			buildActionMask = 2147483647;
			files = (
				6035B7451912677B00D8BD78 /* _23_GestureTests.m in Sources */,
			);
			runOnlyForDeploymentPostprocessing = 0;
		};
/* End PBXSourcesBuildPhase section */

/* Begin PBXTargetDependency section */
		6035B73D1912677A00D8BD78 /* PBXTargetDependency */ = {
			isa = PBXTargetDependency;
			target = 6035B7151912677A00D8BD78 /* _23_Gesture */;
			targetProxy = 6035B73C1912677A00D8BD78 /* PBXContainerItemProxy */;
		};
/* End PBXTargetDependency section */

/* Begin PBXVariantGroup section */
		6035B7221912677A00D8BD78 /* InfoPlist.strings */ = {
			isa = PBXVariantGroup;
			children = (
				6035B7231912677A00D8BD78 /* en */,
			);
			name = InfoPlist.strings;
			sourceTree = "<group>";
		};
		6035B72B1912677A00D8BD78 /* Main.storyboard */ = {
			isa = PBXVariantGroup;
			children = (
				6035B72C1912677A00D8BD78 /* Base */,
			);
			name = Main.storyboard;
			sourceTree = "<group>";
		};
		6035B7411912677A00D8BD78 /* InfoPlist.strings */ = {
			isa = PBXVariantGroup;
			children = (
				6035B7421912677A00D8BD78 /* en */,
			);
			name = InfoPlist.strings;
			sourceTree = "<group>";
		};
/* End PBXVariantGroup section */

/* Begin XCBuildConfiguration section */
		6035B7461912677B00D8BD78 /* Debug */ = {
			isa = XCBuildConfiguration;
			buildSettings = {
				ALWAYS_SEARCH_USER_PATHS = NO;
				CLANG_CXX_LANGUAGE_STANDARD = "gnu++0x";
				CLANG_CXX_LIBRARY = "libc++";
				CLANG_ENABLE_MODULES = YES;
				CLANG_ENABLE_OBJC_ARC = YES;
				CLANG_WARN_BOOL_CONVERSION = YES;
				CLANG_WARN_CONSTANT_CONVERSION = YES;
				CLANG_WARN_DIRECT_OBJC_ISA_USAGE = YES_ERROR;
				CLANG_WARN_EMPTY_BODY = YES;
				CLANG_WARN_ENUM_CONVERSION = YES;
				CLANG_WARN_INT_CONVERSION = YES;
				CLANG_WARN_OBJC_ROOT_CLASS = YES_ERROR;
				CLANG_WARN__DUPLICATE_METHOD_MATCH = YES;
				"CODE_SIGN_IDENTITY[sdk=iphoneos*]" = "iPhone Developer";
				COPY_PHASE_STRIP = NO;
				GCC_C_LANGUAGE_STANDARD = gnu99;
				GCC_DYNAMIC_NO_PIC = NO;
				GCC_OPTIMIZATION_LEVEL = 0;
				GCC_PREPROCESSOR_DEFINITIONS = (
					"DEBUG=1",
					"$(inherited)",
				);
				GCC_SYMBOLS_PRIVATE_EXTERN = NO;
				GCC_WARN_64_TO_32_BIT_CONVERSION = YES;
				GCC_WARN_ABOUT_RETURN_TYPE = YES_ERROR;
				GCC_WARN_UNDECLARED_SELECTOR = YES;
				GCC_WARN_UNINITIALIZED_AUTOS = YES_AGGRESSIVE;
				GCC_WARN_UNUSED_FUNCTION = YES;
				GCC_WARN_UNUSED_VARIABLE = YES;
				IPHONEOS_DEPLOYMENT_TARGET = 7.1;
				ONLY_ACTIVE_ARCH = YES;
				SDKROOT = iphoneos;
				TARGETED_DEVICE_FAMILY = 2;
			};
			name = Debug;
		};
		6035B7471912677B00D8BD78 /* Release */ = {
			isa = XCBuildConfiguration;
			buildSettings = {
				ALWAYS_SEARCH_USER_PATHS = NO;
				CLANG_CXX_LANGUAGE_STANDARD = "gnu++0x";
				CLANG_CXX_LIBRARY = "libc++";
				CLANG_ENABLE_MODULES = YES;
				CLANG_ENABLE_OBJC_ARC = YES;
				CLANG_WARN_BOOL_CONVERSION = YES;
				CLANG_WARN_CONSTANT_CONVERSION = YES;
				CLANG_WARN_DIRECT_OBJC_ISA_USAGE = YES_ERROR;
				CLANG_WARN_EMPTY_BODY = YES;
				CLANG_WARN_ENUM_CONVERSION = YES;
				CLANG_WARN_INT_CONVERSION = YES;
				CLANG_WARN_OBJC_ROOT_CLASS = YES_ERROR;
				CLANG_WARN__DUPLICATE_METHOD_MATCH = YES;
				"CODE_SIGN_IDENTITY[sdk=iphoneos*]" = "iPhone Developer";
				COPY_PHASE_STRIP = YES;
				ENABLE_NS_ASSERTIONS = NO;
				GCC_C_LANGUAGE_STANDARD = gnu99;
				GCC_WARN_64_TO_32_BIT_CONVERSION = YES;
				GCC_WARN_ABOUT_RETURN_TYPE = YES_ERROR;
				GCC_WARN_UNDECLARED_SELECTOR = YES;
				GCC_WARN_UNINITIALIZED_AUTOS = YES_AGGRESSIVE;
				GCC_WARN_UNUSED_FUNCTION = YES;
				GCC_WARN_UNUSED_VARIABLE = YES;
				IPHONEOS_DEPLOYMENT_TARGET = 7.1;
				SDKROOT = iphoneos;
				TARGETED_DEVICE_FAMILY = 2;
				VALIDATE_PRODUCT = YES;
			};
			name = Release;
		};
		6035B7491912677B00D8BD78 /* Debug */ = {
			isa = XCBuildConfiguration;
			buildSettings = {
				ASSETCATALOG_COMPILER_APPICON_NAME = AppIcon;
				ASSETCATALOG_COMPILER_LAUNCHIMAGE_NAME = LaunchImage;
				GCC_PRECOMPILE_PREFIX_HEADER = YES;
				GCC_PREFIX_HEADER = "_23_Gesture/_23_Gesture-Prefix.pch";
				INFOPLIST_FILE = "_23_Gesture/_23_Gesture-Info.plist";
				PRODUCT_NAME = "$(TARGET_NAME)";
				WRAPPER_EXTENSION = app;
			};
			name = Debug;
		};
		6035B74A1912677B00D8BD78 /* Release */ = {
			isa = XCBuildConfiguration;
			buildSettings = {
				ASSETCATALOG_COMPILER_APPICON_NAME = AppIcon;
				ASSETCATALOG_COMPILER_LAUNCHIMAGE_NAME = LaunchImage;
				GCC_PRECOMPILE_PREFIX_HEADER = YES;
				GCC_PREFIX_HEADER = "_23_Gesture/_23_Gesture-Prefix.pch";
				INFOPLIST_FILE = "_23_Gesture/_23_Gesture-Info.plist";
				PRODUCT_NAME = "$(TARGET_NAME)";
				WRAPPER_EXTENSION = app;
			};
			name = Release;
		};
		6035B74C1912677B00D8BD78 /* Debug */ = {
			isa = XCBuildConfiguration;
			buildSettings = {
				BUNDLE_LOADER = "$(BUILT_PRODUCTS_DIR)/_23_Gesture.app/_23_Gesture";
				FRAMEWORK_SEARCH_PATHS = (
					"$(SDKROOT)/Developer/Library/Frameworks",
					"$(inherited)",
					"$(DEVELOPER_FRAMEWORKS_DIR)",
				);
				GCC_PRECOMPILE_PREFIX_HEADER = YES;
				GCC_PREFIX_HEADER = "_23_Gesture/_23_Gesture-Prefix.pch";
				GCC_PREPROCESSOR_DEFINITIONS = (
					"DEBUG=1",
					"$(inherited)",
				);
				INFOPLIST_FILE = "_23_GestureTests/_23_GestureTests-Info.plist";
				PRODUCT_NAME = "$(TARGET_NAME)";
				TEST_HOST = "$(BUNDLE_LOADER)";
				WRAPPER_EXTENSION = xctest;
			};
			name = Debug;
		};
		6035B74D1912677B00D8BD78 /* Release */ = {
			isa = XCBuildConfiguration;
			buildSettings = {
				BUNDLE_LOADER = "$(BUILT_PRODUCTS_DIR)/_23_Gesture.app/_23_Gesture";
				FRAMEWORK_SEARCH_PATHS = (
					"$(SDKROOT)/Developer/Library/Frameworks",
					"$(inherited)",
					"$(DEVELOPER_FRAMEWORKS_DIR)",
				);
				GCC_PRECOMPILE_PREFIX_HEADER = YES;
				GCC_PREFIX_HEADER = "_23_Gesture/_23_Gesture-Prefix.pch";
				INFOPLIST_FILE = "_23_GestureTests/_23_GestureTests-Info.plist";
				PRODUCT_NAME = "$(TARGET_NAME)";
				TEST_HOST = "$(BUNDLE_LOADER)";
				WRAPPER_EXTENSION = xctest;
			};
			name = Release;
		};
/* End XCBuildConfiguration section */

/* Begin XCConfigurationList section */
		6035B7111912677A00D8BD78 /* Build configuration list for PBXProject "_23_Gesture" */ = {
			isa = XCConfigurationList;
			buildConfigurations = (
				6035B7461912677B00D8BD78 /* Debug */,
				6035B7471912677B00D8BD78 /* Release */,
			);
			defaultConfigurationIsVisible = 0;
			defaultConfigurationName = Release;
		};
		6035B7481912677B00D8BD78 /* Build configuration list for PBXNativeTarget "_23_Gesture" */ = {
			isa = XCConfigurationList;
			buildConfigurations = (
				6035B7491912677B00D8BD78 /* Debug */,
				6035B74A1912677B00D8BD78 /* Release */,
			);
			defaultConfigurationIsVisible = 0;
		};
		6035B74B1912677B00D8BD78 /* Build configuration list for PBXNativeTarget "_23_GestureTests" */ = {
			isa = XCConfigurationList;
			buildConfigurations = (
				6035B74C1912677B00D8BD78 /* Debug */,
				6035B74D1912677B00D8BD78 /* Release */,
			);
			defaultConfigurationIsVisible = 0;
		};
/* End XCConfigurationList section */
	};
	rootObject = 6035B70E1912677A00D8BD78 /* Project object */;
}
